
Microsoft Visual Studio Solution File, Format Version 12.00
# Visual Studio Version 16
VisualStudioVersion = 16.0.30128.74
MinimumVisualStudioVersion = 10.0.40219.1
Project("{9A19103F-16F7-4668-BE54-9A1E7A4F7556}") = "TypeCasting", "TypeCasting\TypeCasting.csproj", "{AF521020-4DBF-4562-8B33-5D0B0C6B7BA6}"
EndProject
Project("{9A19103F-16F7-4668-BE54-9A1E7A4F7556}") = "Conditions", "Conditions\Conditions.csproj", "{40752DEF-241E-46D7-B464-8D9BD1AB79C0}"
EndProject
Project("{9A19103F-16F7-4668-BE54-9A1E7A4F7556}") = "Operators", "Operators\Operators.csproj", "{CF3E4A13-20D1-4266-B411-D2350D831788}"
EndProject
Project("{9A19103F-16F7-4668-BE54-9A1E7A4F7556}") = "Loops", "Loops\Loops.csproj", "{85C38E7A-47AA-4673-BCE0-11763E16659C}"
EndProject
Project("{FAE04EC0-301F-11D3-BF4B-00C04F79EFBC}") = "VeriablesAndTypes", "VeriablesAndTypes\VeriablesAndTypes.csproj", "{DAC01C93-5E53-4AB0-8198-9E2F3AFB2730}"
EndProject
Global
	GlobalSection(SolutionConfigurationPlatforms) = preSolution
		Debug|Any CPU = Debug|Any CPU
		Release|Any CPU = Release|Any CPU
	EndGlobalSection
	GlobalSection(ProjectConfigurationPlatforms) = postSolution
		{AF521020-4DBF-4562-8B33-5D0B0C6B7BA6}.Debug|Any CPU.ActiveCfg = Debug|Any CPU
		{AF521020-4DBF-4562-8B33-5D0B0C6B7BA6}.Debug|Any CPU.Build.0 = Debug|Any CPU
		{AF521020-4DBF-4562-8B33-5D0B0C6B7BA6}.Release|Any CPU.ActiveCfg = Release|Any CPU
		{AF521020-4DBF-4562-8B33-5D0B0C6B7BA6}.Release|Any CPU.Build.0 = Release|Any CPU
		{40752DEF-241E-46D7-B464-8D9BD1AB79C0}.Debug|Any CPU.ActiveCfg = Debug|Any CPU
		{40752DEF-241E-46D7-B464-8D9BD1AB79C0}.Debug|Any CPU.Build.0 = Debug|Any CPU
		{40752DEF-241E-46D7-B464-8D9BD1AB79C0}.Release|Any CPU.ActiveCfg = Release|Any CPU
		{40752DEF-241E-46D7-B464-8D9BD1AB79C0}.Release|Any CPU.Build.0 = Release|Any CPU
		{CF3E4A13-20D1-4266-B411-D2350D831788}.Debug|Any CPU.ActiveCfg = Debug|Any CPU
		{CF3E4A13-20D1-4266-B411-D2350D831788}.Debug|Any CPU.Build.0 = Debug|Any CPU
		{CF3E4A13-20D1-4266-B411-D2350D831788}.Release|Any CPU.ActiveCfg = Release|Any CPU
		{CF3E4A13-20D1-4266-B411-D2350D831788}.Release|Any CPU.Build.0 = Release|Any CPU
		{85C38E7A-47AA-4673-BCE0-11763E16659C}.Debug|Any CPU.ActiveCfg = Debug|Any CPU
		{85C38E7A-47AA-4673-BCE0-11763E16659C}.Debug|Any CPU.Build.0 = Debug|Any CPU
		{85C38E7A-47AA-4673-BCE0-11763E16659C}.Release|Any CPU.ActiveCfg = Release|Any CPU
		{85C38E7A-47AA-4673-BCE0-11763E16659C}.Release|Any CPU.Build.0 = Release|Any CPU
		{DAC01C93-5E53-4AB0-8198-9E2F3AFB2730}.Debug|Any CPU.ActiveCfg = Debug|Any CPU
		{DAC01C93-5E53-4AB0-8198-9E2F3AFB2730}.Debug|Any CPU.Build.0 = Debug|Any CPU
		{DAC01C93-5E53-4AB0-8198-9E2F3AFB2730}.Release|Any CPU.ActiveCfg = Release|Any CPU
		{DAC01C93-5E53-4AB0-8198-9E2F3AFB2730}.Release|Any CPU.Build.0 = Release|Any CPU
	EndGlobalSection
	GlobalSection(SolutionProperties) = preSolution
		HideSolutionNode = FALSE
	EndGlobalSection
	GlobalSection(ExtensibilityGlobals) = postSolution
		SolutionGuid = {8DD79068-D37A-4584-AD9B-389363734D37}
	EndGlobalSection
EndGlobal
