
Microsoft Visual Studio Solution File, Format Version 12.00
# Visual Studio Version 16
VisualStudioVersion = 16.0.30128.74
MinimumVisualStudioVersion = 10.0.40219.1
Project("{9A19103F-16F7-4668-BE54-9A1E7A4F7556}") = "csharp-introduction", "csharp-introduction\csharp-introduction.csproj", "{0DFCCDDB-A796-43E9-BF63-2ACC0B7726EC}"
EndProject
Project("{FAE04EC0-301F-11D3-BF4B-00C04F79EFBC}") = "DataTypes", "DataTypes\DataTypes.csproj", "{48DB16B5-1114-45B6-900E-317EF74ED9F9}"
EndProject
Project("{FAE04EC0-301F-11D3-BF4B-00C04F79EFBC}") = "Veriables", "Veriables\Veriables.csproj", "{48D25DC0-A5C7-4A96-96CA-5BE4621515DE}"
EndProject
Project("{FAE04EC0-301F-11D3-BF4B-00C04F79EFBC}") = "TypeCasting", "TypeCasting\TypeCasting.csproj", "{AF521020-4DBF-4562-8B33-5D0B0C6B7BA6}"
EndProject
Global
	GlobalSection(SolutionConfigurationPlatforms) = preSolution
		Debug|Any CPU = Debug|Any CPU
		Release|Any CPU = Release|Any CPU
	EndGlobalSection
	GlobalSection(ProjectConfigurationPlatforms) = postSolution
		{0DFCCDDB-A796-43E9-BF63-2ACC0B7726EC}.Debug|Any CPU.ActiveCfg = Debug|Any CPU
		{0DFCCDDB-A796-43E9-BF63-2ACC0B7726EC}.Debug|Any CPU.Build.0 = Debug|Any CPU
		{0DFCCDDB-A796-43E9-BF63-2ACC0B7726EC}.Release|Any CPU.ActiveCfg = Release|Any CPU
		{0DFCCDDB-A796-43E9-BF63-2ACC0B7726EC}.Release|Any CPU.Build.0 = Release|Any CPU
		{48DB16B5-1114-45B6-900E-317EF74ED9F9}.Debug|Any CPU.ActiveCfg = Debug|Any CPU
		{48DB16B5-1114-45B6-900E-317EF74ED9F9}.Debug|Any CPU.Build.0 = Debug|Any CPU
		{48DB16B5-1114-45B6-900E-317EF74ED9F9}.Release|Any CPU.ActiveCfg = Release|Any CPU
		{48DB16B5-1114-45B6-900E-317EF74ED9F9}.Release|Any CPU.Build.0 = Release|Any CPU
		{48D25DC0-A5C7-4A96-96CA-5BE4621515DE}.Debug|Any CPU.ActiveCfg = Debug|Any CPU
		{48D25DC0-A5C7-4A96-96CA-5BE4621515DE}.Debug|Any CPU.Build.0 = Debug|Any CPU
		{48D25DC0-A5C7-4A96-96CA-5BE4621515DE}.Release|Any CPU.ActiveCfg = Release|Any CPU
		{48D25DC0-A5C7-4A96-96CA-5BE4621515DE}.Release|Any CPU.Build.0 = Release|Any CPU
		{AF521020-4DBF-4562-8B33-5D0B0C6B7BA6}.Debug|Any CPU.ActiveCfg = Debug|Any CPU
		{AF521020-4DBF-4562-8B33-5D0B0C6B7BA6}.Debug|Any CPU.Build.0 = Debug|Any CPU
		{AF521020-4DBF-4562-8B33-5D0B0C6B7BA6}.Release|Any CPU.ActiveCfg = Release|Any CPU
		{AF521020-4DBF-4562-8B33-5D0B0C6B7BA6}.Release|Any CPU.Build.0 = Release|Any CPU
	EndGlobalSection
	GlobalSection(SolutionProperties) = preSolution
		HideSolutionNode = FALSE
	EndGlobalSection
	GlobalSection(ExtensibilityGlobals) = postSolution
		SolutionGuid = {8DD79068-D37A-4584-AD9B-389363734D37}
	EndGlobalSection
EndGlobal
